
Microsoft Visual Studio Solution File, Format Version 12.00
# Visual Studio Version 17
VisualStudioVersion = 17.11.35219.272
MinimumVisualStudioVersion = 10.0.40219.1
Project("{FAE04EC0-301F-11D3-BF4B-00C04F79EFBC}") = "CanimIsmayil", "CanimIsmayil\CanimIsmayil.csproj", "{95B62817-BF7D-4C5F-9AFA-0F559B11B42C}"
EndProject
Global
	GlobalSection(SolutionConfigurationPlatforms) = preSolution
		Debug|Any CPU = Debug|Any CPU
		Release|Any CPU = Release|Any CPU
	EndGlobalSection
	GlobalSection(ProjectConfigurationPlatforms) = postSolution
		{95B62817-BF7D-4C5F-9AFA-0F559B11B42C}.Debug|Any CPU.ActiveCfg = Debug|Any CPU
		{95B62817-BF7D-4C5F-9AFA-0F559B11B42C}.Debug|Any CPU.Build.0 = Debug|Any CPU
		{95B62817-BF7D-4C5F-9AFA-0F559B11B42C}.Release|Any CPU.ActiveCfg = Release|Any CPU
		{95B62817-BF7D-4C5F-9AFA-0F559B11B42C}.Release|Any CPU.Build.0 = Release|Any CPU
	EndGlobalSection
	GlobalSection(SolutionProperties) = preSolution
		HideSolutionNode = FALSE
	EndGlobalSection
	GlobalSection(ExtensibilityGlobals) = postSolution
		SolutionGuid = {EFAC456E-5E72-4320-B13B-8B813144D0CB}
	EndGlobalSection
EndGlobal
